
Microsoft Visual Studio Solution File, Format Version 12.00
# Visual Studio Version 17
VisualStudioVersion = 17.10.35027.167
MinimumVisualStudioVersion = 10.0.40219.1
Project("{9A19103F-16F7-4668-BE54-9A1E7A4F7556}") = "Edulingual.Domain", "Edulingual.Domain\Edulingual.Domain.csproj", "{45F7EEA5-2266-4C90-9978-CAC80A74EB57}"
EndProject
Project("{9A19103F-16F7-4668-BE54-9A1E7A4F7556}") = "Edulingual.Common", "Edlingual.Common\Edulingual.Common.csproj", "{526D391C-8A8E-41C0-8D24-244D4940CD20}"
EndProject
Project("{9A19103F-16F7-4668-BE54-9A1E7A4F7556}") = "Edulingual.Service", "Edulingual.Service\Edulingual.Service.csproj", "{689E69BE-14F6-4300-BF36-95B2016032F4}"
EndProject
Project("{9A19103F-16F7-4668-BE54-9A1E7A4F7556}") = "Edulingual.DAL", "Edulingual.Repository\Edulingual.DAL.csproj", "{1C5D63D4-4292-42C0-8E99-8CF87D23118E}"
EndProject
Project("{9A19103F-16F7-4668-BE54-9A1E7A4F7556}") = "Edulingual.Api", "Edulingual.Api\Edulingual.Api.csproj", "{EC54ACCD-96F2-4599-B82E-77475AB86DF7}"
EndProject
Project("{9A19103F-16F7-4668-BE54-9A1E7A4F7556}") = "Edulingual.Caching", "Edulingual.Cache\Edulingual.Caching.csproj", "{FD9EE533-CF40-4774-AC10-0A3BBEACA765}"
EndProject
Project("{9A19103F-16F7-4668-BE54-9A1E7A4F7556}") = "Edulingual.UnitTests", "Edulingual.UnitTests\Edulingual.UnitTests.csproj", "{9D3EC3E1-B6C0-49A7-8566-EB0E0D6C1247}"
EndProject
Project("{9A19103F-16F7-4668-BE54-9A1E7A4F7556}") = "Edulingual.IntegrationTests", "Edulingual.IntegrationTests\Edulingual.IntegrationTests.csproj", "{8942AF58-7E3D-4A46-8FE7-DDCE75094CB6}"
EndProject
Project("{FAE04EC0-301F-11D3-BF4B-00C04F79EFBC}") = "IdentityServer", "IdentityServer\IdentityServer.csproj", "{A2C3014B-F0AD-4A3A-A819-A312C06EF8B6}"
EndProject
Global
	GlobalSection(SolutionConfigurationPlatforms) = preSolution
		Debug|Any CPU = Debug|Any CPU
		Release|Any CPU = Release|Any CPU
	EndGlobalSection
	GlobalSection(ProjectConfigurationPlatforms) = postSolution
		{45F7EEA5-2266-4C90-9978-CAC80A74EB57}.Debug|Any CPU.ActiveCfg = Debug|Any CPU
		{45F7EEA5-2266-4C90-9978-CAC80A74EB57}.Debug|Any CPU.Build.0 = Debug|Any CPU
		{45F7EEA5-2266-4C90-9978-CAC80A74EB57}.Release|Any CPU.ActiveCfg = Release|Any CPU
		{45F7EEA5-2266-4C90-9978-CAC80A74EB57}.Release|Any CPU.Build.0 = Release|Any CPU
		{526D391C-8A8E-41C0-8D24-244D4940CD20}.Debug|Any CPU.ActiveCfg = Debug|Any CPU
		{526D391C-8A8E-41C0-8D24-244D4940CD20}.Debug|Any CPU.Build.0 = Debug|Any CPU
		{526D391C-8A8E-41C0-8D24-244D4940CD20}.Release|Any CPU.ActiveCfg = Release|Any CPU
		{526D391C-8A8E-41C0-8D24-244D4940CD20}.Release|Any CPU.Build.0 = Release|Any CPU
		{689E69BE-14F6-4300-BF36-95B2016032F4}.Debug|Any CPU.ActiveCfg = Debug|Any CPU
		{689E69BE-14F6-4300-BF36-95B2016032F4}.Debug|Any CPU.Build.0 = Debug|Any CPU
		{689E69BE-14F6-4300-BF36-95B2016032F4}.Release|Any CPU.ActiveCfg = Release|Any CPU
		{689E69BE-14F6-4300-BF36-95B2016032F4}.Release|Any CPU.Build.0 = Release|Any CPU
		{1C5D63D4-4292-42C0-8E99-8CF87D23118E}.Debug|Any CPU.ActiveCfg = Debug|Any CPU
		{1C5D63D4-4292-42C0-8E99-8CF87D23118E}.Debug|Any CPU.Build.0 = Debug|Any CPU
		{1C5D63D4-4292-42C0-8E99-8CF87D23118E}.Release|Any CPU.ActiveCfg = Release|Any CPU
		{1C5D63D4-4292-42C0-8E99-8CF87D23118E}.Release|Any CPU.Build.0 = Release|Any CPU
		{EC54ACCD-96F2-4599-B82E-77475AB86DF7}.Debug|Any CPU.ActiveCfg = Debug|Any CPU
		{EC54ACCD-96F2-4599-B82E-77475AB86DF7}.Debug|Any CPU.Build.0 = Debug|Any CPU
		{EC54ACCD-96F2-4599-B82E-77475AB86DF7}.Release|Any CPU.ActiveCfg = Release|Any CPU
		{EC54ACCD-96F2-4599-B82E-77475AB86DF7}.Release|Any CPU.Build.0 = Release|Any CPU
		{FD9EE533-CF40-4774-AC10-0A3BBEACA765}.Debug|Any CPU.ActiveCfg = Debug|Any CPU
		{FD9EE533-CF40-4774-AC10-0A3BBEACA765}.Debug|Any CPU.Build.0 = Debug|Any CPU
		{FD9EE533-CF40-4774-AC10-0A3BBEACA765}.Release|Any CPU.ActiveCfg = Release|Any CPU
		{FD9EE533-CF40-4774-AC10-0A3BBEACA765}.Release|Any CPU.Build.0 = Release|Any CPU
		{9D3EC3E1-B6C0-49A7-8566-EB0E0D6C1247}.Debug|Any CPU.ActiveCfg = Debug|Any CPU
		{9D3EC3E1-B6C0-49A7-8566-EB0E0D6C1247}.Debug|Any CPU.Build.0 = Debug|Any CPU
		{9D3EC3E1-B6C0-49A7-8566-EB0E0D6C1247}.Release|Any CPU.ActiveCfg = Release|Any CPU
		{9D3EC3E1-B6C0-49A7-8566-EB0E0D6C1247}.Release|Any CPU.Build.0 = Release|Any CPU
		{8942AF58-7E3D-4A46-8FE7-DDCE75094CB6}.Debug|Any CPU.ActiveCfg = Debug|Any CPU
		{8942AF58-7E3D-4A46-8FE7-DDCE75094CB6}.Debug|Any CPU.Build.0 = Debug|Any CPU
		{8942AF58-7E3D-4A46-8FE7-DDCE75094CB6}.Release|Any CPU.ActiveCfg = Release|Any CPU
		{8942AF58-7E3D-4A46-8FE7-DDCE75094CB6}.Release|Any CPU.Build.0 = Release|Any CPU
		{A2C3014B-F0AD-4A3A-A819-A312C06EF8B6}.Debug|Any CPU.ActiveCfg = Debug|Any CPU
		{A2C3014B-F0AD-4A3A-A819-A312C06EF8B6}.Debug|Any CPU.Build.0 = Debug|Any CPU
		{A2C3014B-F0AD-4A3A-A819-A312C06EF8B6}.Release|Any CPU.ActiveCfg = Release|Any CPU
		{A2C3014B-F0AD-4A3A-A819-A312C06EF8B6}.Release|Any CPU.Build.0 = Release|Any CPU
	EndGlobalSection
	GlobalSection(SolutionProperties) = preSolution
		HideSolutionNode = FALSE
	EndGlobalSection
	GlobalSection(ExtensibilityGlobals) = postSolution
		SolutionGuid = {AF02F62E-CF6F-4031-A211-498F95D3BB02}
	EndGlobalSection
EndGlobal
